
Microsoft Visual Studio Solution File, Format Version 12.00
# Visual Studio Version 16
VisualStudioVersion = 16.0.30128.74
MinimumVisualStudioVersion = 10.0.40219.1
Project("{FAE04EC0-301F-11D3-BF4B-00C04F79EFBC}") = "ResourcesAndStyles_6", "ResourcesAndStyles_6\ResourcesAndStyles_6.csproj", "{9849EE93-4229-401C-AD11-FCE5CBB6CD32}"
EndProject
Global
	GlobalSection(SolutionConfigurationPlatforms) = preSolution
		Debug|Any CPU = Debug|Any CPU
		Release|Any CPU = Release|Any CPU
	EndGlobalSection
	GlobalSection(ProjectConfigurationPlatforms) = postSolution
		{9849EE93-4229-401C-AD11-FCE5CBB6CD32}.Debug|Any CPU.ActiveCfg = Debug|Any CPU
		{9849EE93-4229-401C-AD11-FCE5CBB6CD32}.Debug|Any CPU.Build.0 = Debug|Any CPU
		{9849EE93-4229-401C-AD11-FCE5CBB6CD32}.Release|Any CPU.ActiveCfg = Release|Any CPU
		{9849EE93-4229-401C-AD11-FCE5CBB6CD32}.Release|Any CPU.Build.0 = Release|Any CPU
	EndGlobalSection
	GlobalSection(SolutionProperties) = preSolution
		HideSolutionNode = FALSE
	EndGlobalSection
	GlobalSection(ExtensibilityGlobals) = postSolution
		SolutionGuid = {C750A78C-311C-478F-AE3B-0D600918F2E0}
	EndGlobalSection
EndGlobal
